// !$*UTF8*$!
{
	archiveVersion = 1;
	classes = {
	};
	objectVersion = 50;
	objects = {

/* Begin PBXBuildFile section */
		54B32B61000905794B176A06 /* Pods_WeatherApp.framework in Frameworks */ = {isa = PBXBuildFile; fileRef = 116D3CA4AFDCBA76A2B912A4 /* Pods_WeatherApp.framework */; };
		602A705D211FC34B00C9BDE9 /* AppDelegate.swift in Sources */ = {isa = PBXBuildFile; fileRef = 602A705C211FC34B00C9BDE9 /* AppDelegate.swift */; };
		602A7062211FC34B00C9BDE9 /* Main.storyboard in Resources */ = {isa = PBXBuildFile; fileRef = 602A7060211FC34B00C9BDE9 /* Main.storyboard */; };
		602A7064211FC35000C9BDE9 /* Assets.xcassets in Resources */ = {isa = PBXBuildFile; fileRef = 602A7063211FC35000C9BDE9 /* Assets.xcassets */; };
		602A7067211FC35000C9BDE9 /* LaunchScreen.storyboard in Resources */ = {isa = PBXBuildFile; fileRef = 602A7065211FC35000C9BDE9 /* LaunchScreen.storyboard */; };
		602A706F211FD16000C9BDE9 /* TableViewController.swift in Sources */ = {isa = PBXBuildFile; fileRef = 602A706E211FD16000C9BDE9 /* TableViewController.swift */; };
		602A7071211FDDBA00C9BDE9 /* TableViewCell.swift in Sources */ = {isa = PBXBuildFile; fileRef = 602A7070211FDDBA00C9BDE9 /* TableViewCell.swift */; };
		602A7073211FE9A400C9BDE9 /* City.swift in Sources */ = {isa = PBXBuildFile; fileRef = 602A7072211FE9A400C9BDE9 /* City.swift */; };
		602A707C211FF0DA00C9BDE9 /* Pref.swift in Sources */ = {isa = PBXBuildFile; fileRef = 602A707B211FF0DA00C9BDE9 /* Pref.swift */; };
		602A70822120030000C9BDE9 /* DetailViewController.swift in Sources */ = {isa = PBXBuildFile; fileRef = 602A70812120030000C9BDE9 /* DetailViewController.swift */; };
/* End PBXBuildFile section */

/* Begin PBXFileReference section */
		116D3CA4AFDCBA76A2B912A4 /* Pods_WeatherApp.framework */ = {isa = PBXFileReference; explicitFileType = wrapper.framework; includeInIndex = 0; path = Pods_WeatherApp.framework; sourceTree = BUILT_PRODUCTS_DIR; };
		3CBDC496274ADC7879586E0A /* Pods-WeatherApp.debug.xcconfig */ = {isa = PBXFileReference; includeInIndex = 1; lastKnownFileType = text.xcconfig; name = "Pods-WeatherApp.debug.xcconfig"; path = "Pods/Target Support Files/Pods-WeatherApp/Pods-WeatherApp.debug.xcconfig"; sourceTree = "<group>"; };
		602A7059211FC34B00C9BDE9 /* WeatherApp.app */ = {isa = PBXFileReference; explicitFileType = wrapper.application; includeInIndex = 0; path = WeatherApp.app; sourceTree = BUILT_PRODUCTS_DIR; };
		602A705C211FC34B00C9BDE9 /* AppDelegate.swift */ = {isa = PBXFileReference; lastKnownFileType = sourcecode.swift; path = AppDelegate.swift; sourceTree = "<group>"; };
		602A7061211FC34B00C9BDE9 /* Base */ = {isa = PBXFileReference; lastKnownFileType = file.storyboard; name = Base; path = Base.lproj/Main.storyboard; sourceTree = "<group>"; };
		602A7063211FC35000C9BDE9 /* Assets.xcassets */ = {isa = PBXFileReference; lastKnownFileType = folder.assetcatalog; path = Assets.xcassets; sourceTree = "<group>"; };
		602A7066211FC35000C9BDE9 /* Base */ = {isa = PBXFileReference; lastKnownFileType = file.storyboard; name = Base; path = Base.lproj/LaunchScreen.storyboard; sourceTree = "<group>"; };
		602A7068211FC35000C9BDE9 /* Info.plist */ = {isa = PBXFileReference; lastKnownFileType = text.plist.xml; path = Info.plist; sourceTree = "<group>"; };
		602A706E211FD16000C9BDE9 /* TableViewController.swift */ = {isa = PBXFileReference; lastKnownFileType = sourcecode.swift; path = TableViewController.swift; sourceTree = "<group>"; };
		602A7070211FDDBA00C9BDE9 /* TableViewCell.swift */ = {isa = PBXFileReference; lastKnownFileType = sourcecode.swift; path = TableViewCell.swift; sourceTree = "<group>"; };
		602A7072211FE9A400C9BDE9 /* City.swift */ = {isa = PBXFileReference; lastKnownFileType = sourcecode.swift; path = City.swift; sourceTree = "<group>"; };
		602A707B211FF0DA00C9BDE9 /* Pref.swift */ = {isa = PBXFileReference; lastKnownFileType = sourcecode.swift; path = Pref.swift; sourceTree = "<group>"; };
		602A70812120030000C9BDE9 /* DetailViewController.swift */ = {isa = PBXFileReference; lastKnownFileType = sourcecode.swift; path = DetailViewController.swift; sourceTree = "<group>"; };
		BA8324ABE058EFB80EBF04FB /* Pods-WeatherApp.release.xcconfig */ = {isa = PBXFileReference; includeInIndex = 1; lastKnownFileType = text.xcconfig; name = "Pods-WeatherApp.release.xcconfig"; path = "Pods/Target Support Files/Pods-WeatherApp/Pods-WeatherApp.release.xcconfig"; sourceTree = "<group>"; };
/* End PBXFileReference section */

/* Begin PBXFrameworksBuildPhase section */
		602A7056211FC34B00C9BDE9 /* Frameworks */ = {
			isa = PBXFrameworksBuildPhase;
			buildActionMask = 2147483647;
			files = (
				54B32B61000905794B176A06 /* Pods_WeatherApp.framework in Frameworks */,
			);
			runOnlyForDeploymentPostprocessing = 0;
		};
/* End PBXFrameworksBuildPhase section */

/* Begin PBXGroup section */
		602A7050211FC34B00C9BDE9 = {
			isa = PBXGroup;
			children = (
				602A705B211FC34B00C9BDE9 /* WeatherApp */,
				602A705A211FC34B00C9BDE9 /* Products */,
				F6CF1A520EFF9E7083CA8D04 /* Pods */,
				ACCF8BBA3A00E9DF6594F58A /* Frameworks */,
			);
			sourceTree = "<group>";
		};
		602A705A211FC34B00C9BDE9 /* Products */ = {
			isa = PBXGroup;
			children = (
				602A7059211FC34B00C9BDE9 /* WeatherApp.app */,
			);
			name = Products;
			sourceTree = "<group>";
		};
		602A705B211FC34B00C9BDE9 /* WeatherApp */ = {
			isa = PBXGroup;
			children = (
				602A705C211FC34B00C9BDE9 /* AppDelegate.swift */,
				602A7060211FC34B00C9BDE9 /* Main.storyboard */,
				602A7063211FC35000C9BDE9 /* Assets.xcassets */,
				602A7065211FC35000C9BDE9 /* LaunchScreen.storyboard */,
				602A7068211FC35000C9BDE9 /* Info.plist */,
				602A706E211FD16000C9BDE9 /* TableViewController.swift */,
				602A7070211FDDBA00C9BDE9 /* TableViewCell.swift */,
				602A7072211FE9A400C9BDE9 /* City.swift */,
				602A707B211FF0DA00C9BDE9 /* Pref.swift */,
				602A70812120030000C9BDE9 /* DetailViewController.swift */,
			);
			path = WeatherApp;
			sourceTree = "<group>";
		};
		ACCF8BBA3A00E9DF6594F58A /* Frameworks */ = {
			isa = PBXGroup;
			children = (
				116D3CA4AFDCBA76A2B912A4 /* Pods_WeatherApp.framework */,
			);
			name = Frameworks;
			sourceTree = "<group>";
		};
		F6CF1A520EFF9E7083CA8D04 /* Pods */ = {
			isa = PBXGroup;
			children = (
				3CBDC496274ADC7879586E0A /* Pods-WeatherApp.debug.xcconfig */,
				BA8324ABE058EFB80EBF04FB /* Pods-WeatherApp.release.xcconfig */,
			);
			name = Pods;
			sourceTree = "<group>";
		};
/* End PBXGroup section */

/* Begin PBXNativeTarget section */
		602A7058211FC34B00C9BDE9 /* WeatherApp */ = {
			isa = PBXNativeTarget;
			buildConfigurationList = 602A706B211FC35000C9BDE9 /* Build configuration list for PBXNativeTarget "WeatherApp" */;
			buildPhases = (
				F3FC2966A6F6F2AF17C0EE97 /* [CP] Check Pods Manifest.lock */,
				602A7055211FC34B00C9BDE9 /* Sources */,
				602A7056211FC34B00C9BDE9 /* Frameworks */,
				602A7057211FC34B00C9BDE9 /* Resources */,
				EDB92C6F1FA322A2E491AF86 /* [CP] Embed Pods Frameworks */,
			);
			buildRules = (
			);
			dependencies = (
			);
			name = WeatherApp;
			productName = WeatherApp;
			productReference = 602A7059211FC34B00C9BDE9 /* WeatherApp.app */;
			productType = "com.apple.product-type.application";
		};
/* End PBXNativeTarget section */

/* Begin PBXProject section */
		602A7051211FC34B00C9BDE9 /* Project object */ = {
			isa = PBXProject;
			attributes = {
				LastSwiftUpdateCheck = 0940;
				LastUpgradeCheck = 0940;
				ORGANIZATIONNAME = "weatherapp-hitoshi.jp";
				TargetAttributes = {
					602A7058211FC34B00C9BDE9 = {
						CreatedOnToolsVersion = 9.4.1;
					};
				};
			};
			buildConfigurationList = 602A7054211FC34B00C9BDE9 /* Build configuration list for PBXProject "WeatherApp" */;
			compatibilityVersion = "Xcode 9.3";
			developmentRegion = en;
			hasScannedForEncodings = 0;
			knownRegions = (
				en,
				Base,
			);
			mainGroup = 602A7050211FC34B00C9BDE9;
			productRefGroup = 602A705A211FC34B00C9BDE9 /* Products */;
			projectDirPath = "";
			projectRoot = "";
			targets = (
				602A7058211FC34B00C9BDE9 /* WeatherApp */,
			);
		};
/* End PBXProject section */

/* Begin PBXResourcesBuildPhase section */
		602A7057211FC34B00C9BDE9 /* Resources */ = {
			isa = PBXResourcesBuildPhase;
			buildActionMask = 2147483647;
			files = (
				602A7067211FC35000C9BDE9 /* LaunchScreen.storyboard in Resources */,
				602A7064211FC35000C9BDE9 /* Assets.xcassets in Resources */,
				602A7062211FC34B00C9BDE9 /* Main.storyboard in Resources */,
			);
			runOnlyForDeploymentPostprocessing = 0;
		};
/* End PBXResourcesBuildPhase section */

/* Begin PBXShellScriptBuildPhase section */
		EDB92C6F1FA322A2E491AF86 /* [CP] Embed Pods Frameworks */ = {
			isa = PBXShellScriptBuildPhase;
			buildActionMask = 2147483647;
			files = (
			);
			inputPaths = (
				"${SRCROOT}/Pods/Target Support Files/Pods-WeatherApp/Pods-WeatherApp-frameworks.sh",
				"${BUILT_PRODUCTS_DIR}/Alamofire/Alamofire.framework",
				"${BUILT_PRODUCTS_DIR}/SDWebImage/SDWebImage.framework",
				"${BUILT_PRODUCTS_DIR}/SwiftyJSON/SwiftyJSON.framework",
			);
			name = "[CP] Embed Pods Frameworks";
			outputPaths = (
				"${TARGET_BUILD_DIR}/${FRAMEWORKS_FOLDER_PATH}/Alamofire.framework",
				"${TARGET_BUILD_DIR}/${FRAMEWORKS_FOLDER_PATH}/SDWebImage.framework",
				"${TARGET_BUILD_DIR}/${FRAMEWORKS_FOLDER_PATH}/SwiftyJSON.framework",
			);
			runOnlyForDeploymentPostprocessing = 0;
			shellPath = /bin/sh;
			shellScript = "\"${SRCROOT}/Pods/Target Support Files/Pods-WeatherApp/Pods-WeatherApp-frameworks.sh\"\n";
			showEnvVarsInLog = 0;
		};
		F3FC2966A6F6F2AF17C0EE97 /* [CP] Check Pods Manifest.lock */ = {
			isa = PBXShellScriptBuildPhase;
			buildActionMask = 2147483647;
			files = (
			);
			inputPaths = (
				"${PODS_PODFILE_DIR_PATH}/Podfile.lock",
				"${PODS_ROOT}/Manifest.lock",
			);
			name = "[CP] Check Pods Manifest.lock";
			outputPaths = (
				"$(DERIVED_FILE_DIR)/Pods-WeatherApp-checkManifestLockResult.txt",
			);
			runOnlyForDeploymentPostprocessing = 0;
			shellPath = /bin/sh;
			shellScript = "diff \"${PODS_PODFILE_DIR_PATH}/Podfile.lock\" \"${PODS_ROOT}/Manifest.lock\" > /dev/null\nif [ $? != 0 ] ; then\n    # print error to STDERR\n    echo \"error: The sandbox is not in sync with the Podfile.lock. Run 'pod install' or update your CocoaPods installation.\" >&2\n    exit 1\nfi\n# This output is used by Xcode 'outputs' to avoid re-running this script phase.\necho \"SUCCESS\" > \"${SCRIPT_OUTPUT_FILE_0}\"\n";
			showEnvVarsInLog = 0;
		};
/* End PBXShellScriptBuildPhase section */

/* Begin PBXSourcesBuildPhase section */
		602A7055211FC34B00C9BDE9 /* Sources */ = {
			isa = PBXSourcesBuildPhase;
			buildActionMask = 2147483647;
			files = (
				602A7071211FDDBA00C9BDE9 /* TableViewCell.swift in Sources */,
				602A707C211FF0DA00C9BDE9 /* Pref.swift in Sources */,
				602A705D211FC34B00C9BDE9 /* AppDelegate.swift in Sources */,
				602A70822120030000C9BDE9 /* DetailViewController.swift in Sources */,
				602A7073211FE9A400C9BDE9 /* City.swift in Sources */,
				602A706F211FD16000C9BDE9 /* TableViewController.swift in Sources */,
			);
			runOnlyForDeploymentPostprocessing = 0;
		};
/* End PBXSourcesBuildPhase section */

/* Begin PBXVariantGroup section */
		602A7060211FC34B00C9BDE9 /* Main.storyboard */ = {
			isa = PBXVariantGroup;
			children = (
				602A7061211FC34B00C9BDE9 /* Base */,
			);
			name = Main.storyboard;
			sourceTree = "<group>";
		};
		602A7065211FC35000C9BDE9 /* LaunchScreen.storyboard */ = {
			isa = PBXVariantGroup;
			children = (
				602A7066211FC35000C9BDE9 /* Base */,
			);
			name = LaunchScreen.storyboard;
			sourceTree = "<group>";
		};
/* End PBXVariantGroup section */

/* Begin XCBuildConfiguration section */
		602A7069211FC35000C9BDE9 /* Debug */ = {
			isa = XCBuildConfiguration;
			buildSettings = {
				ALWAYS_SEARCH_USER_PATHS = NO;
				CLANG_ANALYZER_NONNULL = YES;
				CLANG_ANALYZER_NUMBER_OBJECT_CONVERSION = YES_AGGRESSIVE;
				CLANG_CXX_LANGUAGE_STANDARD = "gnu++14";
				CLANG_CXX_LIBRARY = "libc++";
				CLANG_ENABLE_MODULES = YES;
				CLANG_ENABLE_OBJC_ARC = YES;
				CLANG_ENABLE_OBJC_WEAK = YES;
				CLANG_WARN_BLOCK_CAPTURE_AUTORELEASING = YES;
				CLANG_WARN_BOOL_CONVERSION = YES;
				CLANG_WARN_COMMA = YES;
				CLANG_WARN_CONSTANT_CONVERSION = YES;
				CLANG_WARN_DEPRECATED_OBJC_IMPLEMENTATIONS = YES;
				CLANG_WARN_DIRECT_OBJC_ISA_USAGE = YES_ERROR;
				CLANG_WARN_DOCUMENTATION_COMMENTS = YES;
				CLANG_WARN_EMPTY_BODY = YES;
				CLANG_WARN_ENUM_CONVERSION = YES;
				CLANG_WARN_INFINITE_RECURSION = YES;
				CLANG_WARN_INT_CONVERSION = YES;
				CLANG_WARN_NON_LITERAL_NULL_CONVERSION = YES;
				CLANG_WARN_OBJC_IMPLICIT_RETAIN_SELF = YES;
				CLANG_WARN_OBJC_LITERAL_CONVERSION = YES;
				CLANG_WARN_OBJC_ROOT_CLASS = YES_ERROR;
				CLANG_WARN_RANGE_LOOP_ANALYSIS = YES;
				CLANG_WARN_STRICT_PROTOTYPES = YES;
				CLANG_WARN_SUSPICIOUS_MOVE = YES;
				CLANG_WARN_UNGUARDED_AVAILABILITY = YES_AGGRESSIVE;
				CLANG_WARN_UNREACHABLE_CODE = YES;
				CLANG_WARN__DUPLICATE_METHOD_MATCH = YES;
				CODE_SIGN_IDENTITY = "iPhone Developer";
				COPY_PHASE_STRIP = NO;
				DEBUG_INFORMATION_FORMAT = dwarf;
				ENABLE_STRICT_OBJC_MSGSEND = YES;
				ENABLE_TESTABILITY = YES;
				GCC_C_LANGUAGE_STANDARD = gnu11;
				GCC_DYNAMIC_NO_PIC = NO;
				GCC_NO_COMMON_BLOCKS = YES;
				GCC_OPTIMIZATION_LEVEL = 0;
				GCC_PREPROCESSOR_DEFINITIONS = (
					"DEBUG=1",
					"$(inherited)",
				);
				GCC_WARN_64_TO_32_BIT_CONVERSION = YES;
				GCC_WARN_ABOUT_RETURN_TYPE = YES_ERROR;
				GCC_WARN_UNDECLARED_SELECTOR = YES;
				GCC_WARN_UNINITIALIZED_AUTOS = YES_AGGRESSIVE;
				GCC_WARN_UNUSED_FUNCTION = YES;
				GCC_WARN_UNUSED_VARIABLE = YES;
				IPHONEOS_DEPLOYMENT_TARGET = 11.4;
				MTL_ENABLE_DEBUG_INFO = YES;
				ONLY_ACTIVE_ARCH = YES;
				SDKROOT = iphoneos;
				SWIFT_ACTIVE_COMPILATION_CONDITIONS = DEBUG;
				SWIFT_OPTIMIZATION_LEVEL = "-Onone";
			};
			name = Debug;
		};
		602A706A211FC35000C9BDE9 /* Release */ = {
			isa = XCBuildConfiguration;
			buildSettings = {
				ALWAYS_SEARCH_USER_PATHS = NO;
				CLANG_ANALYZER_NONNULL = YES;
				CLANG_ANALYZER_NUMBER_OBJECT_CONVERSION = YES_AGGRESSIVE;
				CLANG_CXX_LANGUAGE_STANDARD = "gnu++14";
				CLANG_CXX_LIBRARY = "libc++";
				CLANG_ENABLE_MODULES = YES;
				CLANG_ENABLE_OBJC_ARC = YES;
				CLANG_ENABLE_OBJC_WEAK = YES;
				CLANG_WARN_BLOCK_CAPTURE_AUTORELEASING = YES;
				CLANG_WARN_BOOL_CONVERSION = YES;
				CLANG_WARN_COMMA = YES;
				CLANG_WARN_CONSTANT_CONVERSION = YES;
				CLANG_WARN_DEPRECATED_OBJC_IMPLEMENTATIONS = YES;
				CLANG_WARN_DIRECT_OBJC_ISA_USAGE = YES_ERROR;
				CLANG_WARN_DOCUMENTATION_COMMENTS = YES;
				CLANG_WARN_EMPTY_BODY = YES;
				CLANG_WARN_ENUM_CONVERSION = YES;
				CLANG_WARN_INFINITE_RECURSION = YES;
				CLANG_WARN_INT_CONVERSION = YES;
				CLANG_WARN_NON_LITERAL_NULL_CONVERSION = YES;
				CLANG_WARN_OBJC_IMPLICIT_RETAIN_SELF = YES;
				CLANG_WARN_OBJC_LITERAL_CONVERSION = YES;
				CLANG_WARN_OBJC_ROOT_CLASS = YES_ERROR;
				CLANG_WARN_RANGE_LOOP_ANALYSIS = YES;
				CLANG_WARN_STRICT_PROTOTYPES = YES;
				CLANG_WARN_SUSPICIOUS_MOVE = YES;
				CLANG_WARN_UNGUARDED_AVAILABILITY = YES_AGGRESSIVE;
				CLANG_WARN_UNREACHABLE_CODE = YES;
				CLANG_WARN__DUPLICATE_METHOD_MATCH = YES;
				CODE_SIGN_IDENTITY = "iPhone Developer";
				COPY_PHASE_STRIP = NO;
				DEBUG_INFORMATION_FORMAT = "dwarf-with-dsym";
				ENABLE_NS_ASSERTIONS = NO;
				ENABLE_STRICT_OBJC_MSGSEND = YES;
				GCC_C_LANGUAGE_STANDARD = gnu11;
				GCC_NO_COMMON_BLOCKS = YES;
				GCC_WARN_64_TO_32_BIT_CONVERSION = YES;
				GCC_WARN_ABOUT_RETURN_TYPE = YES_ERROR;
				GCC_WARN_UNDECLARED_SELECTOR = YES;
				GCC_WARN_UNINITIALIZED_AUTOS = YES_AGGRESSIVE;
				GCC_WARN_UNUSED_FUNCTION = YES;
				GCC_WARN_UNUSED_VARIABLE = YES;
				IPHONEOS_DEPLOYMENT_TARGET = 11.4;
				MTL_ENABLE_DEBUG_INFO = NO;
				SDKROOT = iphoneos;
				SWIFT_COMPILATION_MODE = wholemodule;
				SWIFT_OPTIMIZATION_LEVEL = "-O";
				VALIDATE_PRODUCT = YES;
			};
			name = Release;
		};
		602A706C211FC35000C9BDE9 /* Debug */ = {
			isa = XCBuildConfiguration;
			baseConfigurationReference = 3CBDC496274ADC7879586E0A /* Pods-WeatherApp.debug.xcconfig */;
			buildSettings = {
				ASSETCATALOG_COMPILER_APPICON_NAME = AppIcon;
				CODE_SIGN_STYLE = Automatic;
				DEVELOPMENT_TEAM = G3YGS4M6HB;
				INFOPLIST_FILE = WeatherApp/Info.plist;
				LD_RUNPATH_SEARCH_PATHS = (
					"$(inherited)",
					"@executable_path/Frameworks",
				);
				PRODUCT_BUNDLE_IDENTIFIER = "jp.weatherapp-hitoshi.WeatherApp";
				PRODUCT_NAME = "$(TARGET_NAME)";
				SWIFT_VERSION = 4.0;
				TARGETED_DEVICE_FAMILY = "1,2";
			};
			name = Debug;
		};
		602A706D211FC35000C9BDE9 /* Release */ = {
			isa = XCBuildConfiguration;
			baseConfigurationReference = BA8324ABE058EFB80EBF04FB /* Pods-WeatherApp.release.xcconfig */;
			buildSettings = {
				ASSETCATALOG_COMPILER_APPICON_NAME = AppIcon;
				CODE_SIGN_STYLE = Automatic;
				DEVELOPMENT_TEAM = G3YGS4M6HB;
				INFOPLIST_FILE = WeatherApp/Info.plist;
				LD_RUNPATH_SEARCH_PATHS = (
					"$(inherited)",
					"@executable_path/Frameworks",
				);
				PRODUCT_BUNDLE_IDENTIFIER = "jp.weatherapp-hitoshi.WeatherApp";
				PRODUCT_NAME = "$(TARGET_NAME)";
				SWIFT_VERSION = 4.0;
				TARGETED_DEVICE_FAMILY = "1,2";
			};
			name = Release;
		};
/* End XCBuildConfiguration section */

/* Begin XCConfigurationList section */
		602A7054211FC34B00C9BDE9 /* Build configuration list for PBXProject "WeatherApp" */ = {
			isa = XCConfigurationList;
			buildConfigurations = (
				602A7069211FC35000C9BDE9 /* Debug */,
				602A706A211FC35000C9BDE9 /* Release */,
			);
			defaultConfigurationIsVisible = 0;
			defaultConfigurationName = Release;
		};
		602A706B211FC35000C9BDE9 /* Build configuration list for PBXNativeTarget "WeatherApp" */ = {
			isa = XCConfigurationList;
			buildConfigurations = (
				602A706C211FC35000C9BDE9 /* Debug */,
				602A706D211FC35000C9BDE9 /* Release */,
			);
			defaultConfigurationIsVisible = 0;
			defaultConfigurationName = Release;
		};
/* End XCConfigurationList section */
	};
	rootObject = 602A7051211FC34B00C9BDE9 /* Project object */;
}
